Microsoft Visual Studio Solution File, Format Version 12.00
# Visual Studio Version 17
VisualStudioVersion = 17.8.34004.107
MinimumVisualStudioVersion = 10.0.40219.1
Project("{9A19103F-16F7-4668-BE54-9A1E7A4F7556}") = "TypeShape", "src\TypeShape\TypeShape.csproj", "{7AAD0D4E-A97B-4330-80E9-4BB0C909F440}"
EndProject
Project("{9A19103F-16F7-4668-BE54-9A1E7A4F7556}") = "TypeShape.Applications", "src\TypeShape.Applications\TypeShape.Applications.csproj", "{D1566131-C3C9-4783-BD8B-A2F75AF4B32B}"
EndProject
Project("{9A19103F-16F7-4668-BE54-9A1E7A4F7556}") = "TypeShape.SourceGenerator", "src\TypeShape.SourceGenerator\TypeShape.SourceGenerator.csproj", "{F897A3A4-B959-4F19-A5F4-074785BE4842}"
EndProject
Project("{9A19103F-16F7-4668-BE54-9A1E7A4F7556}") = "TypeShape.Benchmarks", "tests\TypeShape.Benchmarks\TypeShape.Benchmarks.csproj", "{A56A7C76-9D93-4D2A-B506-E2299CFBA185}"
EndProject
Project("{9A19103F-16F7-4668-BE54-9A1E7A4F7556}") = "SerializationApp.Reflection", "samples\SerializationApp.Reflection\SerializationApp.Reflection.csproj", "{2CDCF608-A25E-4BA0-8C31-96D3034EA70B}"
EndProject
Project("{9A19103F-16F7-4668-BE54-9A1E7A4F7556}") = "SerializationApp.AOT", "samples\SerializationApp.AOT\SerializationApp.AOT.csproj", "{F07534A0-ADE7-40EE-941A-1C1126420521}"
EndProject
Project("{9A19103F-16F7-4668-BE54-9A1E7A4F7556}") = "TypeShape.Tests", "tests\TypeShape.Tests\TypeShape.Tests.csproj", "{CFDE3986-D81D-4184-BDAC-984E981DC346}"
EndProject
Project("{2150E333-8FDC-42A3-9474-1A3956D46DE8}") = ".github", ".github", "{EFF71ECF-B91B-4FE2-9D7A-D1600DFA75C1}"
EndProject
Project("{2150E333-8FDC-42A3-9474-1A3956D46DE8}") = "workflows", "workflows", "{1345B3A0-17D8-4BDC-B393-B120C3EF8840}"
	ProjectSection(SolutionItems) = preProject
		.github\workflows\build.yml = .github\workflows\build.yml
		.github\workflows\markdown-link-check.yml = .github\workflows\markdown-link-check.yml
		.github\workflows\update-docs.yml = .github\workflows\update-docs.yml
	EndProjectSection
EndProject
Project("{2150E333-8FDC-42A3-9474-1A3956D46DE8}") = "Solution Items", "Solution Items", "{CAEAE474-7C40-4AB4-B1B6-8F8916B05668}"
	ProjectSection(SolutionItems) = preProject
		.dockerignore = .dockerignore
		.editorconfig = .editorconfig
		.gitignore = .gitignore
		Directory.Build.props = Directory.Build.props
		Directory.Packages.props = Directory.Packages.props
		Dockerfile = Dockerfile
		global.json = global.json
		LICENSE = LICENSE
		Makefile = Makefile
		README.md = README.md
	EndProjectSection
EndProject
Project("{2150E333-8FDC-42A3-9474-1A3956D46DE8}") = "src", "src", "{2668091C-3A5E-4089-AD2A-2070EF35F481}"
	ProjectSection(SolutionItems) = preProject
		src\Directory.Build.props = src\Directory.Build.props
	EndProjectSection
EndProject
Project("{2150E333-8FDC-42A3-9474-1A3956D46DE8}") = "tests", "tests", "{0FAF9FD5-6B61-4508-927B-FCA5108A722D}"
EndProject
Project("{13B669BE-BB05-4DDF-9536-439F39A36129}") = "TypeShape.Packaging", "src\TypeShape.Packaging\TypeShape.Packaging.msbuildproj", "{CF0B26AF-A5FC-4DA2-A7CF-4852CCFE991A}"
EndProject
Project("{9A19103F-16F7-4668-BE54-9A1E7A4F7556}") = "TypeShape.SourceGenerator.UnitTests", "tests\TypeShape.SourceGenerator.UnitTests\TypeShape.SourceGenerator.UnitTests.csproj", "{8F976AA5-0B31-4AB8-8DA8-79AC16160E6B}"
EndProject
Project("{2150E333-8FDC-42A3-9474-1A3956D46DE8}") = "samples", "samples", "{959A1616-B61C-4157-893E-07848BA22BCC}"
EndProject
Project("{9A19103F-16F7-4668-BE54-9A1E7A4F7556}") = "ValidationApp.AOT", "samples\ValidationApp.AOT\ValidationApp.AOT.csproj", "{2F3B0029-F299-4A46-8BDE-0E88C2F1139F}"
EndProject
Project("{9A19103F-16F7-4668-BE54-9A1E7A4F7556}") = "RandomGeneratorApp.AOT", "samples\RandomGeneratorApp.AOT\RandomGeneratorApp.AOT.csproj", "{C1AA52D2-1556-42FF-BA14-76F3C1E44C4D}"
EndProject
Project("{9A19103F-16F7-4668-BE54-9A1E7A4F7556}") = "ObjectMapper.AOT", "samples\ObjectMapper.AOT\ObjectMapper.AOT.csproj", "{046C4ADD-E0B5-4337-94EA-608EFC49FABA}"
EndProject
Project("{9A19103F-16F7-4668-BE54-9A1E7A4F7556}") = "TypeShape.Roslyn", "src\TypeShape.Roslyn\TypeShape.Roslyn.csproj", "{8C343F3B-72FD-4389-87E9-C3744B53595A}"
EndProject
Project("{9A19103F-16F7-4668-BE54-9A1E7A4F7556}") = "ConfigurationBinder.AOT", "samples\ConfigurationBinder.AOT\ConfigurationBinder.AOT.csproj", "{47FC7BBC-16B5-4D62-B1EA-25E60D91D7EF}"
EndProject
Project("{F2A71F9B-5D33-465A-A702-920D77279786}") = "TypeShape.Tests.FSharp", "tests\TypeShape.Tests.FSharp\TypeShape.Tests.FSharp.fsproj", "{BD01C18C-C545-40E9-A227-9AED53D048A9}"
EndProject
Global
	GlobalSection(SolutionConfigurationPlatforms) = preSolution
		Debug|Any CPU = Debug|Any CPU
		Release|Any CPU = Release|Any CPU
	EndGlobalSection
	GlobalSection(ProjectConfigurationPlatforms) = postSolution
		{7AAD0D4E-A97B-4330-80E9-4BB0C909F440}.Debug|Any CPU.ActiveCfg = Debug|Any CPU
		{7AAD0D4E-A97B-4330-80E9-4BB0C909F440}.Debug|Any CPU.Build.0 = Debug|Any CPU
		{7AAD0D4E-A97B-4330-80E9-4BB0C909F440}.Release|Any CPU.ActiveCfg = Release|Any CPU
		{7AAD0D4E-A97B-4330-80E9-4BB0C909F440}.Release|Any CPU.Build.0 = Release|Any CPU
		{D1566131-C3C9-4783-BD8B-A2F75AF4B32B}.Debug|Any CPU.ActiveCfg = Debug|Any CPU
		{D1566131-C3C9-4783-BD8B-A2F75AF4B32B}.Debug|Any CPU.Build.0 = Debug|Any CPU
		{D1566131-C3C9-4783-BD8B-A2F75AF4B32B}.Release|Any CPU.ActiveCfg = Release|Any CPU
		{D1566131-C3C9-4783-BD8B-A2F75AF4B32B}.Release|Any CPU.Build.0 = Release|Any CPU
		{F897A3A4-B959-4F19-A5F4-074785BE4842}.Debug|Any CPU.ActiveCfg = Debug|Any CPU
		{F897A3A4-B959-4F19-A5F4-074785BE4842}.Debug|Any CPU.Build.0 = Debug|Any CPU
		{F897A3A4-B959-4F19-A5F4-074785BE4842}.Release|Any CPU.ActiveCfg = Release|Any CPU
		{F897A3A4-B959-4F19-A5F4-074785BE4842}.Release|Any CPU.Build.0 = Release|Any CPU
		{A56A7C76-9D93-4D2A-B506-E2299CFBA185}.Debug|Any CPU.ActiveCfg = Debug|Any CPU
		{A56A7C76-9D93-4D2A-B506-E2299CFBA185}.Debug|Any CPU.Build.0 = Debug|Any CPU
		{A56A7C76-9D93-4D2A-B506-E2299CFBA185}.Release|Any CPU.ActiveCfg = Release|Any CPU
		{A56A7C76-9D93-4D2A-B506-E2299CFBA185}.Release|Any CPU.Build.0 = Release|Any CPU
		{2CDCF608-A25E-4BA0-8C31-96D3034EA70B}.Debug|Any CPU.ActiveCfg = Debug|Any CPU
		{2CDCF608-A25E-4BA0-8C31-96D3034EA70B}.Debug|Any CPU.Build.0 = Debug|Any CPU
		{2CDCF608-A25E-4BA0-8C31-96D3034EA70B}.Release|Any CPU.ActiveCfg = Release|Any CPU
		{2CDCF608-A25E-4BA0-8C31-96D3034EA70B}.Release|Any CPU.Build.0 = Release|Any CPU
		{F07534A0-ADE7-40EE-941A-1C1126420521}.Debug|Any CPU.ActiveCfg = Debug|Any CPU
		{F07534A0-ADE7-40EE-941A-1C1126420521}.Debug|Any CPU.Build.0 = Debug|Any CPU
		{F07534A0-ADE7-40EE-941A-1C1126420521}.Release|Any CPU.ActiveCfg = Release|Any CPU
		{F07534A0-ADE7-40EE-941A-1C1126420521}.Release|Any CPU.Build.0 = Release|Any CPU
		{CFDE3986-D81D-4184-BDAC-984E981DC346}.Debug|Any CPU.ActiveCfg = Debug|Any CPU
		{CFDE3986-D81D-4184-BDAC-984E981DC346}.Debug|Any CPU.Build.0 = Debug|Any CPU
		{CFDE3986-D81D-4184-BDAC-984E981DC346}.Release|Any CPU.ActiveCfg = Release|Any CPU
		{CFDE3986-D81D-4184-BDAC-984E981DC346}.Release|Any CPU.Build.0 = Release|Any CPU
		{CF0B26AF-A5FC-4DA2-A7CF-4852CCFE991A}.Debug|Any CPU.ActiveCfg = Debug|Any CPU
		{CF0B26AF-A5FC-4DA2-A7CF-4852CCFE991A}.Release|Any CPU.ActiveCfg = Release|Any CPU
		{8F976AA5-0B31-4AB8-8DA8-79AC16160E6B}.Debug|Any CPU.ActiveCfg = Debug|Any CPU
		{8F976AA5-0B31-4AB8-8DA8-79AC16160E6B}.Debug|Any CPU.Build.0 = Debug|Any CPU
		{8F976AA5-0B31-4AB8-8DA8-79AC16160E6B}.Release|Any CPU.ActiveCfg = Release|Any CPU
		{8F976AA5-0B31-4AB8-8DA8-79AC16160E6B}.Release|Any CPU.Build.0 = Release|Any CPU
		{2F3B0029-F299-4A46-8BDE-0E88C2F1139F}.Debug|Any CPU.ActiveCfg = Debug|Any CPU
		{2F3B0029-F299-4A46-8BDE-0E88C2F1139F}.Debug|Any CPU.Build.0 = Debug|Any CPU
		{2F3B0029-F299-4A46-8BDE-0E88C2F1139F}.Release|Any CPU.ActiveCfg = Release|Any CPU
		{2F3B0029-F299-4A46-8BDE-0E88C2F1139F}.Release|Any CPU.Build.0 = Release|Any CPU
		{C1AA52D2-1556-42FF-BA14-76F3C1E44C4D}.Debug|Any CPU.ActiveCfg = Debug|Any CPU
		{C1AA52D2-1556-42FF-BA14-76F3C1E44C4D}.Debug|Any CPU.Build.0 = Debug|Any CPU
		{C1AA52D2-1556-42FF-BA14-76F3C1E44C4D}.Release|Any CPU.ActiveCfg = Release|Any CPU
		{C1AA52D2-1556-42FF-BA14-76F3C1E44C4D}.Release|Any CPU.Build.0 = Release|Any CPU
		{046C4ADD-E0B5-4337-94EA-608EFC49FABA}.Debug|Any CPU.ActiveCfg = Debug|Any CPU
		{046C4ADD-E0B5-4337-94EA-608EFC49FABA}.Debug|Any CPU.Build.0 = Debug|Any CPU
		{046C4ADD-E0B5-4337-94EA-608EFC49FABA}.Release|Any CPU.ActiveCfg = Release|Any CPU
		{046C4ADD-E0B5-4337-94EA-608EFC49FABA}.Release|Any CPU.Build.0 = Release|Any CPU
		{8C343F3B-72FD-4389-87E9-C3744B53595A}.Debug|Any CPU.ActiveCfg = Debug|Any CPU
		{8C343F3B-72FD-4389-87E9-C3744B53595A}.Debug|Any CPU.Build.0 = Debug|Any CPU
		{8C343F3B-72FD-4389-87E9-C3744B53595A}.Release|Any CPU.ActiveCfg = Release|Any CPU
		{8C343F3B-72FD-4389-87E9-C3744B53595A}.Release|Any CPU.Build.0 = Release|Any CPU
		{47FC7BBC-16B5-4D62-B1EA-25E60D91D7EF}.Debug|Any CPU.ActiveCfg = Debug|Any CPU
		{47FC7BBC-16B5-4D62-B1EA-25E60D91D7EF}.Debug|Any CPU.Build.0 = Debug|Any CPU
		{47FC7BBC-16B5-4D62-B1EA-25E60D91D7EF}.Release|Any CPU.ActiveCfg = Release|Any CPU
		{47FC7BBC-16B5-4D62-B1EA-25E60D91D7EF}.Release|Any CPU.Build.0 = Release|Any CPU
		{BD01C18C-C545-40E9-A227-9AED53D048A9}.Debug|Any CPU.ActiveCfg = Debug|Any CPU
		{BD01C18C-C545-40E9-A227-9AED53D048A9}.Debug|Any CPU.Build.0 = Debug|Any CPU
		{BD01C18C-C545-40E9-A227-9AED53D048A9}.Release|Any CPU.ActiveCfg = Release|Any CPU
		{BD01C18C-C545-40E9-A227-9AED53D048A9}.Release|Any CPU.Build.0 = Release|Any CPU
	EndGlobalSection
	GlobalSection(SolutionProperties) = preSolution
		HideSolutionNode = FALSE
	EndGlobalSection
	GlobalSection(NestedProjects) = preSolution
		{7AAD0D4E-A97B-4330-80E9-4BB0C909F440} = {2668091C-3A5E-4089-AD2A-2070EF35F481}
		{D1566131-C3C9-4783-BD8B-A2F75AF4B32B} = {2668091C-3A5E-4089-AD2A-2070EF35F481}
		{F897A3A4-B959-4F19-A5F4-074785BE4842} = {2668091C-3A5E-4089-AD2A-2070EF35F481}
		{A56A7C76-9D93-4D2A-B506-E2299CFBA185} = {0FAF9FD5-6B61-4508-927B-FCA5108A722D}
		{2CDCF608-A25E-4BA0-8C31-96D3034EA70B} = {959A1616-B61C-4157-893E-07848BA22BCC}
		{F07534A0-ADE7-40EE-941A-1C1126420521} = {959A1616-B61C-4157-893E-07848BA22BCC}
		{CFDE3986-D81D-4184-BDAC-984E981DC346} = {0FAF9FD5-6B61-4508-927B-FCA5108A722D}
		{1345B3A0-17D8-4BDC-B393-B120C3EF8840} = {EFF71ECF-B91B-4FE2-9D7A-D1600DFA75C1}
		{CF0B26AF-A5FC-4DA2-A7CF-4852CCFE991A} = {2668091C-3A5E-4089-AD2A-2070EF35F481}
		{8F976AA5-0B31-4AB8-8DA8-79AC16160E6B} = {0FAF9FD5-6B61-4508-927B-FCA5108A722D}
		{2F3B0029-F299-4A46-8BDE-0E88C2F1139F} = {959A1616-B61C-4157-893E-07848BA22BCC}
		{C1AA52D2-1556-42FF-BA14-76F3C1E44C4D} = {959A1616-B61C-4157-893E-07848BA22BCC}
		{046C4ADD-E0B5-4337-94EA-608EFC49FABA} = {959A1616-B61C-4157-893E-07848BA22BCC}
		{8C343F3B-72FD-4389-87E9-C3744B53595A} = {2668091C-3A5E-4089-AD2A-2070EF35F481}
		{47FC7BBC-16B5-4D62-B1EA-25E60D91D7EF} = {959A1616-B61C-4157-893E-07848BA22BCC}
		{BD01C18C-C545-40E9-A227-9AED53D048A9} = {0FAF9FD5-6B61-4508-927B-FCA5108A722D}
	EndGlobalSection
	GlobalSection(ExtensibilityGlobals) = postSolution
		SolutionGuid = {FC08FADA-DFAB-4FB0-BE7C-582825962AD6}
	EndGlobalSection
EndGlobal
