Microsoft Visual Studio Solution File, Format Version 12.00
# Visual Studio Version 17
VisualStudioVersion = 17.12.35323.107
MinimumVisualStudioVersion = 10.0.40219.1
Project("{9A19103F-16F7-4668-BE54-9A1E7A4F7556}") = "TypeShape", "src\TypeShape\TypeShape.csproj", "{C1D31D26-9A35-4E88-8014-20D600B08306}"
EndProject
Project("{9A19103F-16F7-4668-BE54-9A1E7A4F7556}") = "TypeShape.Examples", "src\TypeShape.Examples\TypeShape.Examples.csproj", "{62A5D47E-C7A8-43B1-8B11-7B964AE14504}"
EndProject
Project("{9A19103F-16F7-4668-BE54-9A1E7A4F7556}") = "SerializationApp.Reflection", "applications\SerializationApp.Reflection\SerializationApp.Reflection.csproj", "{FD0477BD-155D-4E06-9563-5D1F88ECE067}"
EndProject
Project("{9A19103F-16F7-4668-BE54-9A1E7A4F7556}") = "TypeShape.Roslyn", "src\TypeShape.Roslyn\TypeShape.Roslyn.csproj", "{9B4627DE-9185-4050-82E2-EE8341003A4E}"
EndProject
Project("{9A19103F-16F7-4668-BE54-9A1E7A4F7556}") = "TypeShape.SourceGenerator", "src\TypeShape.SourceGenerator\TypeShape.SourceGenerator.csproj", "{3BE34E78-92CC-4931-9C83-6BF2FF4B02EB}"
EndProject
Project("{9A19103F-16F7-4668-BE54-9A1E7A4F7556}") = "ConfigurationBinder.AOT", "applications\ConfigurationBinder.AOT\ConfigurationBinder.AOT.csproj", "{6BDF614A-7D1B-4AA9-8E4E-BAA993771ED1}"
EndProject
Project("{9A19103F-16F7-4668-BE54-9A1E7A4F7556}") = "ObjectMapper.AOT", "applications\ObjectMapper.AOT\ObjectMapper.AOT.csproj", "{7F2EFFD4-B2DD-410B-B44E-2B6AA06DE374}"
EndProject
Project("{9A19103F-16F7-4668-BE54-9A1E7A4F7556}") = "RandomGeneratorApp.AOT", "applications\RandomGeneratorApp.AOT\RandomGeneratorApp.AOT.csproj", "{4C1CA00A-12D9-4FF3-BEB0-FE3E8D7B9472}"
EndProject
Project("{9A19103F-16F7-4668-BE54-9A1E7A4F7556}") = "SerializationApp.AOT", "applications\SerializationApp.AOT\SerializationApp.AOT.csproj", "{C3EFBE0A-2EFE-4322-A23A-DB0C0736DAAD}"
EndProject
Project("{9A19103F-16F7-4668-BE54-9A1E7A4F7556}") = "ValidationApp.AOT", "applications\ValidationApp.AOT\ValidationApp.AOT.csproj", "{74D6B54A-294D-4FA4-927A-DA3577393859}"
EndProject
Project("{9A19103F-16F7-4668-BE54-9A1E7A4F7556}") = "TypeShape.Benchmarks", "tests\TypeShape.Benchmarks\TypeShape.Benchmarks.csproj", "{07EB616A-9393-4C5B-9E3F-E0607FC6009D}"
EndProject
Project("{9A19103F-16F7-4668-BE54-9A1E7A4F7556}") = "TypeShape.SourceGenerator.UnitTests", "tests\TypeShape.SourceGenerator.UnitTests\TypeShape.SourceGenerator.UnitTests.csproj", "{DF05A2E3-4C68-46C9-8CBA-E263CC3F10F8}"
EndProject
Project("{6EC3EE1D-3C4E-46DD-8F32-0CC8E7565705}") = "TypeShape.Tests.FSharp", "tests\TypeShape.Tests.FSharp\TypeShape.Tests.FSharp.fsproj", "{21B5C5D9-90E4-456C-A787-C4C78AF96689}"
EndProject
Project("{9A19103F-16F7-4668-BE54-9A1E7A4F7556}") = "TypeShape.Tests", "tests\TypeShape.Tests\TypeShape.Tests.csproj", "{EAABC384-65E6-404B-AA30-12EF559A0545}"
EndProject
Project("{2150E333-8FDC-42A3-9474-1A3956D46DE8}") = ".github", ".github", "{E712CC73-2B97-4F4C-840D-4C82F5C07936}"
EndProject
Project("{2150E333-8FDC-42A3-9474-1A3956D46DE8}") = "workflows", "workflows", "{CDF25596-D7B5-4FF0-B42D-610AEEC33B6A}"
	ProjectSection(SolutionItems) = preProject
		.github\workflows\build.yml = .github\workflows\build.yml
		.github\workflows\markdown-link-check.yml = .github\workflows\markdown-link-check.yml
		.github\workflows\update-docs.yml = .github\workflows\update-docs.yml
	EndProjectSection
EndProject
Project("{2150E333-8FDC-42A3-9474-1A3956D46DE8}") = "Solution Items", "Solution Items", "{39F41727-17B7-4420-939A-5B76086A1504}"
	ProjectSection(SolutionItems) = preProject
		.dockerignore = .dockerignore
		.editorconfig = .editorconfig
		.gitignore = .gitignore
		Directory.Build.props = Directory.Build.props
		Directory.Packages.props = Directory.Packages.props
		Dockerfile = Dockerfile
		global.json = global.json
		LICENSE = LICENSE
		Makefile = Makefile
		README.md = README.md
		typeshape-csharp.sln = typeshape-csharp.sln
	EndProjectSection
EndProject
Project("{2150E333-8FDC-42A3-9474-1A3956D46DE8}") = "applications", "applications", "{2EABF8EF-0FE5-47FC-9B09-B7AF4310071E}"
EndProject
Project("{2150E333-8FDC-42A3-9474-1A3956D46DE8}") = "docs", "docs", "{B036DAA9-D1E9-46C0-92E1-87C81FD949A1}"
	ProjectSection(SolutionItems) = preProject
		docs\core-abstractions.md = docs\core-abstractions.md
		docs\docfx.json = docs\docfx.json
		docs\index.md = docs\index.md
		docs\toc.yml = docs\toc.yml
		docs\typeshape-providers.md = docs\typeshape-providers.md
	EndProjectSection
EndProject
Project("{2150E333-8FDC-42A3-9474-1A3956D46DE8}") = "src", "src", "{F2C95E2E-AED7-46E4-A93E-831FA658BD2B}"
	ProjectSection(SolutionItems) = preProject
		src\Directory.Build.props = src\Directory.Build.props
	EndProjectSection
EndProject
Project("{2150E333-8FDC-42A3-9474-1A3956D46DE8}") = "TypeShape.Packaging", "TypeShape.Packaging", "{40690DE2-EEED-49AC-8EB8-214BF72DFD59}"
	ProjectSection(SolutionItems) = preProject
		src\TypeShape.Packaging\README.md = src\TypeShape.Packaging\README.md
		src\TypeShape.Packaging\TypeShape.Packaging.msbuildproj = src\TypeShape.Packaging\TypeShape.Packaging.msbuildproj
	EndProjectSection
EndProject
Project("{2150E333-8FDC-42A3-9474-1A3956D46DE8}") = "obj", "obj", "{8B51DC27-28D3-4994-90D6-93442C5F3801}"
	ProjectSection(SolutionItems) = preProject
		src\TypeShape.Packaging\obj\project.assets.json = src\TypeShape.Packaging\obj\project.assets.json
		src\TypeShape.Packaging\obj\project.nuget.cache = src\TypeShape.Packaging\obj\project.nuget.cache
		src\TypeShape.Packaging\obj\TypeShape.Packaging.msbuildproj.nuget.dgspec.json = src\TypeShape.Packaging\obj\TypeShape.Packaging.msbuildproj.nuget.dgspec.json
		src\TypeShape.Packaging\obj\TypeShape.Packaging.msbuildproj.nuget.g.props = src\TypeShape.Packaging\obj\TypeShape.Packaging.msbuildproj.nuget.g.props
		src\TypeShape.Packaging\obj\TypeShape.Packaging.msbuildproj.nuget.g.targets = src\TypeShape.Packaging\obj\TypeShape.Packaging.msbuildproj.nuget.g.targets
	EndProjectSection
EndProject
Project("{2150E333-8FDC-42A3-9474-1A3956D46DE8}") = "Debug", "Debug", "{CDB5B27E-BC20-4866-9F94-DC32BBA344CE}"
EndProject
Project("{2150E333-8FDC-42A3-9474-1A3956D46DE8}") = "net8.0", "net8.0", "{B7240018-AF5A-4CEE-8BA4-D5BF79D6A2C2}"
	ProjectSection(SolutionItems) = preProject
		src\TypeShape.Packaging\obj\Debug\net8.0\TypeShape.Packaging.assets.cache = src\TypeShape.Packaging\obj\Debug\net8.0\TypeShape.Packaging.assets.cache
	EndProjectSection
EndProject
Project("{2150E333-8FDC-42A3-9474-1A3956D46DE8}") = "Release", "Release", "{BC0A46DF-32BD-4BB6-A3B6-9153C03F2CE2}"
EndProject
Project("{2150E333-8FDC-42A3-9474-1A3956D46DE8}") = "net8.0", "net8.0", "{09CD4E8C-B7CC-42AD-922F-843762A08E2B}"
	ProjectSection(SolutionItems) = preProject
		src\TypeShape.Packaging\obj\Release\net8.0\TypeShape.Packaging.assets.cache = src\TypeShape.Packaging\obj\Release\net8.0\TypeShape.Packaging.assets.cache
	EndProjectSection
EndProject
Project("{2150E333-8FDC-42A3-9474-1A3956D46DE8}") = "tests", "tests", "{1EAD80C8-8E21-4173-9438-67CE9A7A3292}"
EndProject
Global
	GlobalSection(SolutionConfigurationPlatforms) = preSolution
		Debug|Any CPU = Debug|Any CPU
		Release|Any CPU = Release|Any CPU
	EndGlobalSection
	GlobalSection(ProjectConfigurationPlatforms) = postSolution
		{C1D31D26-9A35-4E88-8014-20D600B08306}.Debug|Any CPU.ActiveCfg = Debug|Any CPU
		{C1D31D26-9A35-4E88-8014-20D600B08306}.Debug|Any CPU.Build.0 = Debug|Any CPU
		{C1D31D26-9A35-4E88-8014-20D600B08306}.Release|Any CPU.ActiveCfg = Release|Any CPU
		{C1D31D26-9A35-4E88-8014-20D600B08306}.Release|Any CPU.Build.0 = Release|Any CPU
		{62A5D47E-C7A8-43B1-8B11-7B964AE14504}.Debug|Any CPU.ActiveCfg = Debug|Any CPU
		{62A5D47E-C7A8-43B1-8B11-7B964AE14504}.Debug|Any CPU.Build.0 = Debug|Any CPU
		{62A5D47E-C7A8-43B1-8B11-7B964AE14504}.Release|Any CPU.ActiveCfg = Release|Any CPU
		{62A5D47E-C7A8-43B1-8B11-7B964AE14504}.Release|Any CPU.Build.0 = Release|Any CPU
		{FD0477BD-155D-4E06-9563-5D1F88ECE067}.Debug|Any CPU.ActiveCfg = Debug|Any CPU
		{FD0477BD-155D-4E06-9563-5D1F88ECE067}.Debug|Any CPU.Build.0 = Debug|Any CPU
		{FD0477BD-155D-4E06-9563-5D1F88ECE067}.Release|Any CPU.ActiveCfg = Release|Any CPU
		{FD0477BD-155D-4E06-9563-5D1F88ECE067}.Release|Any CPU.Build.0 = Release|Any CPU
		{9B4627DE-9185-4050-82E2-EE8341003A4E}.Debug|Any CPU.ActiveCfg = Debug|Any CPU
		{9B4627DE-9185-4050-82E2-EE8341003A4E}.Debug|Any CPU.Build.0 = Debug|Any CPU
		{9B4627DE-9185-4050-82E2-EE8341003A4E}.Release|Any CPU.ActiveCfg = Release|Any CPU
		{9B4627DE-9185-4050-82E2-EE8341003A4E}.Release|Any CPU.Build.0 = Release|Any CPU
		{3BE34E78-92CC-4931-9C83-6BF2FF4B02EB}.Debug|Any CPU.ActiveCfg = Debug|Any CPU
		{3BE34E78-92CC-4931-9C83-6BF2FF4B02EB}.Debug|Any CPU.Build.0 = Debug|Any CPU
		{3BE34E78-92CC-4931-9C83-6BF2FF4B02EB}.Release|Any CPU.ActiveCfg = Release|Any CPU
		{3BE34E78-92CC-4931-9C83-6BF2FF4B02EB}.Release|Any CPU.Build.0 = Release|Any CPU
		{6BDF614A-7D1B-4AA9-8E4E-BAA993771ED1}.Debug|Any CPU.ActiveCfg = Debug|Any CPU
		{6BDF614A-7D1B-4AA9-8E4E-BAA993771ED1}.Debug|Any CPU.Build.0 = Debug|Any CPU
		{6BDF614A-7D1B-4AA9-8E4E-BAA993771ED1}.Release|Any CPU.ActiveCfg = Release|Any CPU
		{6BDF614A-7D1B-4AA9-8E4E-BAA993771ED1}.Release|Any CPU.Build.0 = Release|Any CPU
		{7F2EFFD4-B2DD-410B-B44E-2B6AA06DE374}.Debug|Any CPU.ActiveCfg = Debug|Any CPU
		{7F2EFFD4-B2DD-410B-B44E-2B6AA06DE374}.Debug|Any CPU.Build.0 = Debug|Any CPU
		{7F2EFFD4-B2DD-410B-B44E-2B6AA06DE374}.Release|Any CPU.ActiveCfg = Release|Any CPU
		{7F2EFFD4-B2DD-410B-B44E-2B6AA06DE374}.Release|Any CPU.Build.0 = Release|Any CPU
		{4C1CA00A-12D9-4FF3-BEB0-FE3E8D7B9472}.Debug|Any CPU.ActiveCfg = Debug|Any CPU
		{4C1CA00A-12D9-4FF3-BEB0-FE3E8D7B9472}.Debug|Any CPU.Build.0 = Debug|Any CPU
		{4C1CA00A-12D9-4FF3-BEB0-FE3E8D7B9472}.Release|Any CPU.ActiveCfg = Release|Any CPU
		{4C1CA00A-12D9-4FF3-BEB0-FE3E8D7B9472}.Release|Any CPU.Build.0 = Release|Any CPU
		{C3EFBE0A-2EFE-4322-A23A-DB0C0736DAAD}.Debug|Any CPU.ActiveCfg = Debug|Any CPU
		{C3EFBE0A-2EFE-4322-A23A-DB0C0736DAAD}.Debug|Any CPU.Build.0 = Debug|Any CPU
		{C3EFBE0A-2EFE-4322-A23A-DB0C0736DAAD}.Release|Any CPU.ActiveCfg = Release|Any CPU
		{C3EFBE0A-2EFE-4322-A23A-DB0C0736DAAD}.Release|Any CPU.Build.0 = Release|Any CPU
		{74D6B54A-294D-4FA4-927A-DA3577393859}.Debug|Any CPU.ActiveCfg = Debug|Any CPU
		{74D6B54A-294D-4FA4-927A-DA3577393859}.Debug|Any CPU.Build.0 = Debug|Any CPU
		{74D6B54A-294D-4FA4-927A-DA3577393859}.Release|Any CPU.ActiveCfg = Release|Any CPU
		{74D6B54A-294D-4FA4-927A-DA3577393859}.Release|Any CPU.Build.0 = Release|Any CPU
		{07EB616A-9393-4C5B-9E3F-E0607FC6009D}.Debug|Any CPU.ActiveCfg = Debug|Any CPU
		{07EB616A-9393-4C5B-9E3F-E0607FC6009D}.Debug|Any CPU.Build.0 = Debug|Any CPU
		{07EB616A-9393-4C5B-9E3F-E0607FC6009D}.Release|Any CPU.ActiveCfg = Release|Any CPU
		{07EB616A-9393-4C5B-9E3F-E0607FC6009D}.Release|Any CPU.Build.0 = Release|Any CPU
		{DF05A2E3-4C68-46C9-8CBA-E263CC3F10F8}.Debug|Any CPU.ActiveCfg = Debug|Any CPU
		{DF05A2E3-4C68-46C9-8CBA-E263CC3F10F8}.Debug|Any CPU.Build.0 = Debug|Any CPU
		{DF05A2E3-4C68-46C9-8CBA-E263CC3F10F8}.Release|Any CPU.ActiveCfg = Release|Any CPU
		{DF05A2E3-4C68-46C9-8CBA-E263CC3F10F8}.Release|Any CPU.Build.0 = Release|Any CPU
		{21B5C5D9-90E4-456C-A787-C4C78AF96689}.Debug|Any CPU.ActiveCfg = Debug|Any CPU
		{21B5C5D9-90E4-456C-A787-C4C78AF96689}.Debug|Any CPU.Build.0 = Debug|Any CPU
		{21B5C5D9-90E4-456C-A787-C4C78AF96689}.Release|Any CPU.ActiveCfg = Release|Any CPU
		{21B5C5D9-90E4-456C-A787-C4C78AF96689}.Release|Any CPU.Build.0 = Release|Any CPU
		{EAABC384-65E6-404B-AA30-12EF559A0545}.Debug|Any CPU.ActiveCfg = Debug|Any CPU
		{EAABC384-65E6-404B-AA30-12EF559A0545}.Debug|Any CPU.Build.0 = Debug|Any CPU
		{EAABC384-65E6-404B-AA30-12EF559A0545}.Release|Any CPU.ActiveCfg = Release|Any CPU
		{EAABC384-65E6-404B-AA30-12EF559A0545}.Release|Any CPU.Build.0 = Release|Any CPU
	EndGlobalSection
	GlobalSection(SolutionProperties) = preSolution
		HideSolutionNode = FALSE
	EndGlobalSection
	GlobalSection(NestedProjects) = preSolution
		{C1D31D26-9A35-4E88-8014-20D600B08306} = {F2C95E2E-AED7-46E4-A93E-831FA658BD2B}
		{62A5D47E-C7A8-43B1-8B11-7B964AE14504} = {F2C95E2E-AED7-46E4-A93E-831FA658BD2B}
		{FD0477BD-155D-4E06-9563-5D1F88ECE067} = {2EABF8EF-0FE5-47FC-9B09-B7AF4310071E}
		{9B4627DE-9185-4050-82E2-EE8341003A4E} = {F2C95E2E-AED7-46E4-A93E-831FA658BD2B}
		{3BE34E78-92CC-4931-9C83-6BF2FF4B02EB} = {F2C95E2E-AED7-46E4-A93E-831FA658BD2B}
		{6BDF614A-7D1B-4AA9-8E4E-BAA993771ED1} = {2EABF8EF-0FE5-47FC-9B09-B7AF4310071E}
		{7F2EFFD4-B2DD-410B-B44E-2B6AA06DE374} = {2EABF8EF-0FE5-47FC-9B09-B7AF4310071E}
		{4C1CA00A-12D9-4FF3-BEB0-FE3E8D7B9472} = {2EABF8EF-0FE5-47FC-9B09-B7AF4310071E}
		{C3EFBE0A-2EFE-4322-A23A-DB0C0736DAAD} = {2EABF8EF-0FE5-47FC-9B09-B7AF4310071E}
		{74D6B54A-294D-4FA4-927A-DA3577393859} = {2EABF8EF-0FE5-47FC-9B09-B7AF4310071E}
		{07EB616A-9393-4C5B-9E3F-E0607FC6009D} = {1EAD80C8-8E21-4173-9438-67CE9A7A3292}
		{DF05A2E3-4C68-46C9-8CBA-E263CC3F10F8} = {1EAD80C8-8E21-4173-9438-67CE9A7A3292}
		{21B5C5D9-90E4-456C-A787-C4C78AF96689} = {1EAD80C8-8E21-4173-9438-67CE9A7A3292}
		{EAABC384-65E6-404B-AA30-12EF559A0545} = {1EAD80C8-8E21-4173-9438-67CE9A7A3292}
		{CDF25596-D7B5-4FF0-B42D-610AEEC33B6A} = {E712CC73-2B97-4F4C-840D-4C82F5C07936}
		{40690DE2-EEED-49AC-8EB8-214BF72DFD59} = {F2C95E2E-AED7-46E4-A93E-831FA658BD2B}
		{8B51DC27-28D3-4994-90D6-93442C5F3801} = {40690DE2-EEED-49AC-8EB8-214BF72DFD59}
		{CDB5B27E-BC20-4866-9F94-DC32BBA344CE} = {8B51DC27-28D3-4994-90D6-93442C5F3801}
		{B7240018-AF5A-4CEE-8BA4-D5BF79D6A2C2} = {CDB5B27E-BC20-4866-9F94-DC32BBA344CE}
		{BC0A46DF-32BD-4BB6-A3B6-9153C03F2CE2} = {8B51DC27-28D3-4994-90D6-93442C5F3801}
		{09CD4E8C-B7CC-42AD-922F-843762A08E2B} = {BC0A46DF-32BD-4BB6-A3B6-9153C03F2CE2}
	EndGlobalSection
	GlobalSection(ExtensibilityGlobals) = postSolution
		SolutionGuid = {F4A4EE41-24B8-4815-9861-9B54CC34F311}
	EndGlobalSection
EndGlobal
