Microsoft Visual Studio Solution File, Format Version 12.00
# Visual Studio Version 17
VisualStudioVersion = 17.8.34004.107
MinimumVisualStudioVersion = 10.0.40219.1
Project("{9A19103F-16F7-4668-BE54-9A1E7A4F7556}") = "TypeShape", "src\TypeShape\TypeShape.csproj", "{4671F911-C35B-4F5B-8C3B-B20FAFB0059F}"
EndProject
Project("{9A19103F-16F7-4668-BE54-9A1E7A4F7556}") = "TypeShape.Applications", "src\TypeShape.Applications\TypeShape.Applications.csproj", "{98A2FBFE-5C8E-40BC-997B-FE1196C0834D}"
EndProject
Project("{9A19103F-16F7-4668-BE54-9A1E7A4F7556}") = "TypeShape.SourceGenerator", "src\TypeShape.SourceGenerator\TypeShape.SourceGenerator.csproj", "{ADF01B9B-6C00-42FB-A15C-91C6B41A6C9A}"
EndProject
Project("{9A19103F-16F7-4668-BE54-9A1E7A4F7556}") = "TypeShape.Benchmarks", "tests\TypeShape.Benchmarks\TypeShape.Benchmarks.csproj", "{A7AAC376-FC4F-48E8-A87F-A76C877E1218}"
EndProject
Project("{9A19103F-16F7-4668-BE54-9A1E7A4F7556}") = "TypeShape.ReflectionApp", "tests\TypeShape.ReflectionApp\TypeShape.ReflectionApp.csproj", "{55BB1309-7CED-4DB2-87D2-D7F0873A16D2}"
EndProject
Project("{9A19103F-16F7-4668-BE54-9A1E7A4F7556}") = "TypeShape.SourceGenApp", "tests\TypeShape.SourceGenApp\TypeShape.SourceGenApp.csproj", "{49C0A8EE-0F04-49B3-8D95-7D05D6A1DB83}"
EndProject
Project("{9A19103F-16F7-4668-BE54-9A1E7A4F7556}") = "TypeShape.Tests", "tests\TypeShape.Tests\TypeShape.Tests.csproj", "{4B63D013-000C-45C4-885D-A9620608584F}"
EndProject
Project("{2150E333-8FDC-42A3-9474-1A3956D46DE8}") = ".github", ".github", "{AB796CA4-A2E2-4487-A9A7-B73449B6F7BB}"
EndProject
Project("{2150E333-8FDC-42A3-9474-1A3956D46DE8}") = "workflows", "workflows", "{64DF5C20-04E7-40D0-969F-EADA49175656}"
	ProjectSection(SolutionItems) = preProject
		.github\workflows\build.yml = .github\workflows\build.yml
	EndProjectSection
EndProject
Project("{2150E333-8FDC-42A3-9474-1A3956D46DE8}") = "Solution Items", "Solution Items", "{A855249F-D34F-4E16-89CE-4F3B04CC24A6}"
	ProjectSection(SolutionItems) = preProject
		.editorconfig = .editorconfig
		.gitignore = .gitignore
		Directory.Build.props = Directory.Build.props
		LICENSE = LICENSE
		README.md = README.md
		typeshape-csharp.sln = typeshape-csharp.sln
	EndProjectSection
EndProject
Project("{2150E333-8FDC-42A3-9474-1A3956D46DE8}") = "src", "src", "{154D52BE-1883-4095-A9C1-3EF682147CED}"
EndProject
Project("{2150E333-8FDC-42A3-9474-1A3956D46DE8}") = "tests", "tests", "{5F8E3039-BBEE-423B-8DD8-CBB337C7C8BC}"
EndProject
Project("{13B669BE-BB05-4DDF-9536-439F39A36129}") = "TypeShape.Packaging", "src\TypeShape.Packaging\TypeShape.Packaging.msbuildproj", "{BF25F935-6689-48CA-8E5C-F15FE95DE757}"
EndProject
Global
	GlobalSection(SolutionConfigurationPlatforms) = preSolution
		Debug|Any CPU = Debug|Any CPU
		Release|Any CPU = Release|Any CPU
	EndGlobalSection
	GlobalSection(ProjectConfigurationPlatforms) = postSolution
		{4671F911-C35B-4F5B-8C3B-B20FAFB0059F}.Debug|Any CPU.ActiveCfg = Debug|Any CPU
		{4671F911-C35B-4F5B-8C3B-B20FAFB0059F}.Debug|Any CPU.Build.0 = Debug|Any CPU
		{4671F911-C35B-4F5B-8C3B-B20FAFB0059F}.Release|Any CPU.ActiveCfg = Release|Any CPU
		{4671F911-C35B-4F5B-8C3B-B20FAFB0059F}.Release|Any CPU.Build.0 = Release|Any CPU
		{98A2FBFE-5C8E-40BC-997B-FE1196C0834D}.Debug|Any CPU.ActiveCfg = Debug|Any CPU
		{98A2FBFE-5C8E-40BC-997B-FE1196C0834D}.Debug|Any CPU.Build.0 = Debug|Any CPU
		{98A2FBFE-5C8E-40BC-997B-FE1196C0834D}.Release|Any CPU.ActiveCfg = Release|Any CPU
		{98A2FBFE-5C8E-40BC-997B-FE1196C0834D}.Release|Any CPU.Build.0 = Release|Any CPU
		{ADF01B9B-6C00-42FB-A15C-91C6B41A6C9A}.Debug|Any CPU.ActiveCfg = Debug|Any CPU
		{ADF01B9B-6C00-42FB-A15C-91C6B41A6C9A}.Debug|Any CPU.Build.0 = Debug|Any CPU
		{ADF01B9B-6C00-42FB-A15C-91C6B41A6C9A}.Release|Any CPU.ActiveCfg = Release|Any CPU
		{ADF01B9B-6C00-42FB-A15C-91C6B41A6C9A}.Release|Any CPU.Build.0 = Release|Any CPU
		{A7AAC376-FC4F-48E8-A87F-A76C877E1218}.Debug|Any CPU.ActiveCfg = Debug|Any CPU
		{A7AAC376-FC4F-48E8-A87F-A76C877E1218}.Debug|Any CPU.Build.0 = Debug|Any CPU
		{A7AAC376-FC4F-48E8-A87F-A76C877E1218}.Release|Any CPU.ActiveCfg = Release|Any CPU
		{A7AAC376-FC4F-48E8-A87F-A76C877E1218}.Release|Any CPU.Build.0 = Release|Any CPU
		{55BB1309-7CED-4DB2-87D2-D7F0873A16D2}.Debug|Any CPU.ActiveCfg = Debug|Any CPU
		{55BB1309-7CED-4DB2-87D2-D7F0873A16D2}.Debug|Any CPU.Build.0 = Debug|Any CPU
		{55BB1309-7CED-4DB2-87D2-D7F0873A16D2}.Release|Any CPU.ActiveCfg = Release|Any CPU
		{55BB1309-7CED-4DB2-87D2-D7F0873A16D2}.Release|Any CPU.Build.0 = Release|Any CPU
		{49C0A8EE-0F04-49B3-8D95-7D05D6A1DB83}.Debug|Any CPU.ActiveCfg = Debug|Any CPU
		{49C0A8EE-0F04-49B3-8D95-7D05D6A1DB83}.Debug|Any CPU.Build.0 = Debug|Any CPU
		{49C0A8EE-0F04-49B3-8D95-7D05D6A1DB83}.Release|Any CPU.ActiveCfg = Release|Any CPU
		{49C0A8EE-0F04-49B3-8D95-7D05D6A1DB83}.Release|Any CPU.Build.0 = Release|Any CPU
		{4B63D013-000C-45C4-885D-A9620608584F}.Debug|Any CPU.ActiveCfg = Debug|Any CPU
		{4B63D013-000C-45C4-885D-A9620608584F}.Debug|Any CPU.Build.0 = Debug|Any CPU
		{4B63D013-000C-45C4-885D-A9620608584F}.Release|Any CPU.ActiveCfg = Release|Any CPU
		{4B63D013-000C-45C4-885D-A9620608584F}.Release|Any CPU.Build.0 = Release|Any CPU
		{BF25F935-6689-48CA-8E5C-F15FE95DE757}.Debug|Any CPU.ActiveCfg = Debug|Any CPU
		{BF25F935-6689-48CA-8E5C-F15FE95DE757}.Debug|Any CPU.Build.0 = Debug|Any CPU
		{BF25F935-6689-48CA-8E5C-F15FE95DE757}.Release|Any CPU.ActiveCfg = Release|Any CPU
		{BF25F935-6689-48CA-8E5C-F15FE95DE757}.Release|Any CPU.Build.0 = Release|Any CPU
	EndGlobalSection
	GlobalSection(SolutionProperties) = preSolution
		HideSolutionNode = FALSE
	EndGlobalSection
	GlobalSection(NestedProjects) = preSolution
		{4671F911-C35B-4F5B-8C3B-B20FAFB0059F} = {154D52BE-1883-4095-A9C1-3EF682147CED}
		{98A2FBFE-5C8E-40BC-997B-FE1196C0834D} = {154D52BE-1883-4095-A9C1-3EF682147CED}
		{ADF01B9B-6C00-42FB-A15C-91C6B41A6C9A} = {154D52BE-1883-4095-A9C1-3EF682147CED}
		{A7AAC376-FC4F-48E8-A87F-A76C877E1218} = {5F8E3039-BBEE-423B-8DD8-CBB337C7C8BC}
		{55BB1309-7CED-4DB2-87D2-D7F0873A16D2} = {5F8E3039-BBEE-423B-8DD8-CBB337C7C8BC}
		{49C0A8EE-0F04-49B3-8D95-7D05D6A1DB83} = {5F8E3039-BBEE-423B-8DD8-CBB337C7C8BC}
		{4B63D013-000C-45C4-885D-A9620608584F} = {5F8E3039-BBEE-423B-8DD8-CBB337C7C8BC}
		{64DF5C20-04E7-40D0-969F-EADA49175656} = {AB796CA4-A2E2-4487-A9A7-B73449B6F7BB}
		{BF25F935-6689-48CA-8E5C-F15FE95DE757} = {154D52BE-1883-4095-A9C1-3EF682147CED}
	EndGlobalSection
	GlobalSection(ExtensibilityGlobals) = postSolution
		SolutionGuid = {4C57C045-8882-4A4D-9FC5-FF1AF620B7B7}
	EndGlobalSection
EndGlobal
